
Microsoft Visual Studio Solution File, Format Version 12.00
# Visual Studio Version 16
VisualStudioVersion = 16.0.31005.135
MinimumVisualStudioVersion = 10.0.40219.1
Project("{FAE04EC0-301F-11D3-BF4B-00C04F79EFBC}") = "DoctorRegister", "DoctorRegister\DoctorRegister.csproj", "{62487BCE-39C5-442C-A40C-C7E709B34976}"
EndProject
Global
	GlobalSection(SolutionConfigurationPlatforms) = preSolution
		Debug|Any CPU = Debug|Any CPU
		Release|Any CPU = Release|Any CPU
	EndGlobalSection
	GlobalSection(ProjectConfigurationPlatforms) = postSolution
		{62487BCE-39C5-442C-A40C-C7E709B34976}.Debug|Any CPU.ActiveCfg = Debug|Any CPU
		{62487BCE-39C5-442C-A40C-C7E709B34976}.Debug|Any CPU.Build.0 = Debug|Any CPU
		{62487BCE-39C5-442C-A40C-C7E709B34976}.Release|Any CPU.ActiveCfg = Release|Any CPU
		{62487BCE-39C5-442C-A40C-C7E709B34976}.Release|Any CPU.Build.0 = Release|Any CPU
	EndGlobalSection
	GlobalSection(SolutionProperties) = preSolution
		HideSolutionNode = FALSE
	EndGlobalSection
	GlobalSection(ExtensibilityGlobals) = postSolution
		SolutionGuid = {261AEDF2-2FC9-4B7C-8696-6DD9DC90B6D9}
	EndGlobalSection
EndGlobal
